
Microsoft Visual Studio Solution File, Format Version 12.00
# Visual Studio 15
VisualStudioVersion = 15.0.26730.10
MinimumVisualStudioVersion = 10.0.40219.1
Project("{FAE04EC0-301F-11D3-BF4B-00C04F79EFBC}") = "AWS_SQS_Client", "AWS_SQS_Client\AWS_SQS_Client.csproj", "{300FD1A4-BFBD-4B55-B94D-F1A6EB463B05}"
EndProject
Global
	GlobalSection(SolutionConfigurationPlatforms) = preSolution
		Debug|Any CPU = Debug|Any CPU
		Release|Any CPU = Release|Any CPU
	EndGlobalSection
	GlobalSection(ProjectConfigurationPlatforms) = postSolution
		{300FD1A4-BFBD-4B55-B94D-F1A6EB463B05}.Debug|Any CPU.ActiveCfg = Debug|Any CPU
		{300FD1A4-BFBD-4B55-B94D-F1A6EB463B05}.Debug|Any CPU.Build.0 = Debug|Any CPU
		{300FD1A4-BFBD-4B55-B94D-F1A6EB463B05}.Release|Any CPU.ActiveCfg = Release|Any CPU
		{300FD1A4-BFBD-4B55-B94D-F1A6EB463B05}.Release|Any CPU.Build.0 = Release|Any CPU
	EndGlobalSection
	GlobalSection(SolutionProperties) = preSolution
		HideSolutionNode = FALSE
	EndGlobalSection
	GlobalSection(ExtensibilityGlobals) = postSolution
		SolutionGuid = {4525BC6A-798B-4034-9C19-02CB10FE9E5C}
	EndGlobalSection
	GlobalSection(TeamFoundationVersionControl) = preSolution
		SccNumberOfProjects = 2
		SccEnterpriseProvider = {4CA58AB2-18FA-4F8D-95D4-32DDF27D184C}
		SccTeamFoundationServer = https://tasleemhussein.visualstudio.com/
		SccLocalPath0 = .
		SccProjectUniqueName1 = AWS_SQS_Client\\AWS_SQS_Client.csproj
		SccProjectName1 = AWS_SQS_Client
		SccLocalPath1 = AWS_SQS_Client
	EndGlobalSection
EndGlobal
